// !$*UTF8*$!
{
	archiveVersion = 1;
	classes = {
	};
	objectVersion = 50;
	objects = {

/* Begin PBXBuildFile section */
		54C3F3F62152127500ACFC9B /* AppDelegate.swift in Sources */ = {isa = PBXBuildFile; fileRef = 54C3F3F52152127500ACFC9B /* AppDelegate.swift */; };
		54C3F3FB2152127500ACFC9B /* Main.storyboard in Resources */ = {isa = PBXBuildFile; fileRef = 54C3F3F92152127500ACFC9B /* Main.storyboard */; };
		54C3F3FD2152127700ACFC9B /* Assets.xcassets in Resources */ = {isa = PBXBuildFile; fileRef = 54C3F3FC2152127700ACFC9B /* Assets.xcassets */; };
		54C3F4002152127700ACFC9B /* LaunchScreen.storyboard in Resources */ = {isa = PBXBuildFile; fileRef = 54C3F3FE2152127700ACFC9B /* LaunchScreen.storyboard */; };
		54C3F40B2152127700ACFC9B /* DouYuTests.swift in Sources */ = {isa = PBXBuildFile; fileRef = 54C3F40A2152127700ACFC9B /* DouYuTests.swift */; };
		54C3F4162152127700ACFC9B /* DouYuUITests.swift in Sources */ = {isa = PBXBuildFile; fileRef = 54C3F4152152127700ACFC9B /* DouYuUITests.swift */; };
/* End PBXBuildFile section */

/* Begin PBXContainerItemProxy section */
		54C3F4072152127700ACFC9B /* PBXContainerItemProxy */ = {
			isa = PBXContainerItemProxy;
			containerPortal = 54C3F3EA2152127500ACFC9B /* Project object */;
			proxyType = 1;
			remoteGlobalIDString = 54C3F3F12152127500ACFC9B;
			remoteInfo = DouYu;
		};
		54C3F4122152127700ACFC9B /* PBXContainerItemProxy */ = {
			isa = PBXContainerItemProxy;
			containerPortal = 54C3F3EA2152127500ACFC9B /* Project object */;
			proxyType = 1;
			remoteGlobalIDString = 54C3F3F12152127500ACFC9B;
			remoteInfo = DouYu;
		};
/* End PBXContainerItemProxy section */

/* Begin PBXFileReference section */
		54C3F3F22152127500ACFC9B /* DouYu.app */ = {isa = PBXFileReference; explicitFileType = wrapper.application; includeInIndex = 0; path = DouYu.app; sourceTree = BUILT_PRODUCTS_DIR; };
		54C3F3F52152127500ACFC9B /* AppDelegate.swift */ = {isa = PBXFileReference; lastKnownFileType = sourcecode.swift; path = AppDelegate.swift; sourceTree = "<group>"; };
		54C3F3FA2152127500ACFC9B /* Base */ = {isa = PBXFileReference; lastKnownFileType = file.storyboard; name = Base; path = Base.lproj/Main.storyboard; sourceTree = "<group>"; };
		54C3F3FC2152127700ACFC9B /* Assets.xcassets */ = {isa = PBXFileReference; lastKnownFileType = folder.assetcatalog; path = Assets.xcassets; sourceTree = "<group>"; };
		54C3F3FF2152127700ACFC9B /* Base */ = {isa = PBXFileReference; lastKnownFileType = file.storyboard; name = Base; path = Base.lproj/LaunchScreen.storyboard; sourceTree = "<group>"; };
		54C3F4012152127700ACFC9B /* Info.plist */ = {isa = PBXFileReference; lastKnownFileType = text.plist.xml; path = Info.plist; sourceTree = "<group>"; };
		54C3F4062152127700ACFC9B /* DouYuTests.xctest */ = {isa = PBXFileReference; explicitFileType = wrapper.cfbundle; includeInIndex = 0; path = DouYuTests.xctest; sourceTree = BUILT_PRODUCTS_DIR; };
		54C3F40A2152127700ACFC9B /* DouYuTests.swift */ = {isa = PBXFileReference; lastKnownFileType = sourcecode.swift; path = DouYuTests.swift; sourceTree = "<group>"; };
		54C3F40C2152127700ACFC9B /* Info.plist */ = {isa = PBXFileReference; lastKnownFileType = text.plist.xml; path = Info.plist; sourceTree = "<group>"; };
		54C3F4112152127700ACFC9B /* DouYuUITests.xctest */ = {isa = PBXFileReference; explicitFileType = wrapper.cfbundle; includeInIndex = 0; path = DouYuUITests.xctest; sourceTree = BUILT_PRODUCTS_DIR; };
		54C3F4152152127700ACFC9B /* DouYuUITests.swift */ = {isa = PBXFileReference; lastKnownFileType = sourcecode.swift; path = DouYuUITests.swift; sourceTree = "<group>"; };
		54C3F4172152127700ACFC9B /* Info.plist */ = {isa = PBXFileReference; lastKnownFileType = text.plist.xml; path = Info.plist; sourceTree = "<group>"; };
/* End PBXFileReference section */

/* Begin PBXFrameworksBuildPhase section */
		54C3F3EF2152127500ACFC9B /* Frameworks */ = {
			isa = PBXFrameworksBuildPhase;
			buildActionMask = 2147483647;
			files = (
			);
			runOnlyForDeploymentPostprocessing = 0;
		};
		54C3F4032152127700ACFC9B /* Frameworks */ = {
			isa = PBXFrameworksBuildPhase;
			buildActionMask = 2147483647;
			files = (
			);
			runOnlyForDeploymentPostprocessing = 0;
		};
		54C3F40E2152127700ACFC9B /* Frameworks */ = {
			isa = PBXFrameworksBuildPhase;
			buildActionMask = 2147483647;
			files = (
			);
			runOnlyForDeploymentPostprocessing = 0;
		};
/* End PBXFrameworksBuildPhase section */

/* Begin PBXGroup section */
		5475400D215220C600F55BF1 /* Classes */ = {
			isa = PBXGroup;
			children = (
				5475400E215220C600F55BF1 /* Home */,
				54754011215220C600F55BF1 /* Live */,
				54754013215220C600F55BF1 /* Main */,
				5475400F215220C600F55BF1 /* Tools */,
				54754010215220C600F55BF1 /* Follow */,
				54754012215220C600F55BF1 /* Proflie */,
			);
			path = Classes;
			sourceTree = "<group>";
		};
		5475400E215220C600F55BF1 /* Home */ = {
			isa = PBXGroup;
			children = (
			);
			path = Home;
			sourceTree = "<group>";
		};
		5475400F215220C600F55BF1 /* Tools */ = {
			isa = PBXGroup;
			children = (
			);
			path = Tools;
			sourceTree = "<group>";
		};
		54754010215220C600F55BF1 /* Follow */ = {
			isa = PBXGroup;
			children = (
			);
			path = Follow;
			sourceTree = "<group>";
		};
		54754011215220C600F55BF1 /* Live */ = {
			isa = PBXGroup;
			children = (
			);
			path = Live;
			sourceTree = "<group>";
		};
		54754012215220C600F55BF1 /* Proflie */ = {
			isa = PBXGroup;
			children = (
			);
			path = Proflie;
			sourceTree = "<group>";
		};
		54754013215220C600F55BF1 /* Main */ = {
			isa = PBXGroup;
			children = (
			);
			path = Main;
			sourceTree = "<group>";
		};
		54C3F3E92152127500ACFC9B = {
			isa = PBXGroup;
			children = (
				54C3F3F42152127500ACFC9B /* DouYu */,
				54C3F4092152127700ACFC9B /* DouYuTests */,
				54C3F4142152127700ACFC9B /* DouYuUITests */,
				54C3F3F32152127500ACFC9B /* Products */,
			);
			sourceTree = "<group>";
		};
		54C3F3F32152127500ACFC9B /* Products */ = {
			isa = PBXGroup;
			children = (
				54C3F3F22152127500ACFC9B /* DouYu.app */,
				54C3F4062152127700ACFC9B /* DouYuTests.xctest */,
				54C3F4112152127700ACFC9B /* DouYuUITests.xctest */,
			);
			name = Products;
			sourceTree = "<group>";
		};
		54C3F3F42152127500ACFC9B /* DouYu */ = {
			isa = PBXGroup;
			children = (
				5475400D215220C600F55BF1 /* Classes */,
				54C3F3F52152127500ACFC9B /* AppDelegate.swift */,
				54C3F3F92152127500ACFC9B /* Main.storyboard */,
				54C3F3FC2152127700ACFC9B /* Assets.xcassets */,
				54C3F3FE2152127700ACFC9B /* LaunchScreen.storyboard */,
				54C3F4012152127700ACFC9B /* Info.plist */,
			);
			path = DouYu;
			sourceTree = "<group>";
		};
		54C3F4092152127700ACFC9B /* DouYuTests */ = {
			isa = PBXGroup;
			children = (
				54C3F40A2152127700ACFC9B /* DouYuTests.swift */,
				54C3F40C2152127700ACFC9B /* Info.plist */,
			);
			path = DouYuTests;
			sourceTree = "<group>";
		};
		54C3F4142152127700ACFC9B /* DouYuUITests */ = {
			isa = PBXGroup;
			children = (
				54C3F4152152127700ACFC9B /* DouYuUITests.swift */,
				54C3F4172152127700ACFC9B /* Info.plist */,
			);
			path = DouYuUITests;
			sourceTree = "<group>";
		};
/* End PBXGroup section */

/* Begin PBXNativeTarget section */
		54C3F3F12152127500ACFC9B /* DouYu */ = {
			isa = PBXNativeTarget;
			buildConfigurationList = 54C3F41A2152127700ACFC9B /* Build configuration list for PBXNativeTarget "DouYu" */;
			buildPhases = (
				54C3F3EE2152127500ACFC9B /* Sources */,
				54C3F3EF2152127500ACFC9B /* Frameworks */,
				54C3F3F02152127500ACFC9B /* Resources */,
			);
			buildRules = (
			);
			dependencies = (
			);
			name = DouYu;
			productName = DouYu;
			productReference = 54C3F3F22152127500ACFC9B /* DouYu.app */;
			productType = "com.apple.product-type.application";
		};
		54C3F4052152127700ACFC9B /* DouYuTests */ = {
			isa = PBXNativeTarget;
			buildConfigurationList = 54C3F41D2152127700ACFC9B /* Build configuration list for PBXNativeTarget "DouYuTests" */;
			buildPhases = (
				54C3F4022152127700ACFC9B /* Sources */,
				54C3F4032152127700ACFC9B /* Frameworks */,
				54C3F4042152127700ACFC9B /* Resources */,
			);
			buildRules = (
			);
			dependencies = (
				54C3F4082152127700ACFC9B /* PBXTargetDependency */,
			);
			name = DouYuTests;
			productName = DouYuTests;
			productReference = 54C3F4062152127700ACFC9B /* DouYuTests.xctest */;
			productType = "com.apple.product-type.bundle.unit-test";
		};
		54C3F4102152127700ACFC9B /* DouYuUITests */ = {
			isa = PBXNativeTarget;
			buildConfigurationList = 54C3F4202152127700ACFC9B /* Build configuration list for PBXNativeTarget "DouYuUITests" */;
			buildPhases = (
				54C3F40D2152127700ACFC9B /* Sources */,
				54C3F40E2152127700ACFC9B /* Frameworks */,
				54C3F40F2152127700ACFC9B /* Resources */,
			);
			buildRules = (
			);
			dependencies = (
				54C3F4132152127700ACFC9B /* PBXTargetDependency */,
			);
			name = DouYuUITests;
			productName = DouYuUITests;
			productReference = 54C3F4112152127700ACFC9B /* DouYuUITests.xctest */;
			productType = "com.apple.product-type.bundle.ui-testing";
		};
/* End PBXNativeTarget section */

/* Begin PBXProject section */
		54C3F3EA2152127500ACFC9B /* Project object */ = {
			isa = PBXProject;
			attributes = {
				LastSwiftUpdateCheck = 1000;
				LastUpgradeCheck = 1000;
				ORGANIZATIONNAME = "Zheng Wan Zhang";
				TargetAttributes = {
					54C3F3F12152127500ACFC9B = {
						CreatedOnToolsVersion = 10.0;
					};
					54C3F4052152127700ACFC9B = {
						CreatedOnToolsVersion = 10.0;
						TestTargetID = 54C3F3F12152127500ACFC9B;
					};
					54C3F4102152127700ACFC9B = {
						CreatedOnToolsVersion = 10.0;
						TestTargetID = 54C3F3F12152127500ACFC9B;
					};
				};
			};
			buildConfigurationList = 54C3F3ED2152127500ACFC9B /* Build configuration list for PBXProject "DouYu" */;
			compatibilityVersion = "Xcode 9.3";
			developmentRegion = en;
			hasScannedForEncodings = 0;
			knownRegions = (
				en,
				Base,
			);
			mainGroup = 54C3F3E92152127500ACFC9B;
			productRefGroup = 54C3F3F32152127500ACFC9B /* Products */;
			projectDirPath = "";
			projectRoot = "";
			targets = (
				54C3F3F12152127500ACFC9B /* DouYu */,
				54C3F4052152127700ACFC9B /* DouYuTests */,
				54C3F4102152127700ACFC9B /* DouYuUITests */,
			);
		};
/* End PBXProject section */

/* Begin PBXResourcesBuildPhase section */
		54C3F3F02152127500ACFC9B /* Resources */ = {
			isa = PBXResourcesBuildPhase;
			buildActionMask = 2147483647;
			files = (
				54C3F4002152127700ACFC9B /* LaunchScreen.storyboard in Resources */,
				54C3F3FD2152127700ACFC9B /* Assets.xcassets in Resources */,
				54C3F3FB2152127500ACFC9B /* Main.storyboard in Resources */,
			);
			runOnlyForDeploymentPostprocessing = 0;
		};
		54C3F4042152127700ACFC9B /* Resources */ = {
			isa = PBXResourcesBuildPhase;
			buildActionMask = 2147483647;
			files = (
			);
			runOnlyForDeploymentPostprocessing = 0;
		};
		54C3F40F2152127700ACFC9B /* Resources */ = {
			isa = PBXResourcesBuildPhase;
			buildActionMask = 2147483647;
			files = (
			);
			runOnlyForDeploymentPostprocessing = 0;
		};
/* End PBXResourcesBuildPhase section */

/* Begin PBXSourcesBuildPhase section */
		54C3F3EE2152127500ACFC9B /* Sources */ = {
			isa = PBXSourcesBuildPhase;
			buildActionMask = 2147483647;
			files = (
				54C3F3F62152127500ACFC9B /* AppDelegate.swift in Sources */,
			);
			runOnlyForDeploymentPostprocessing = 0;
		};
		54C3F4022152127700ACFC9B /* Sources */ = {
			isa = PBXSourcesBuildPhase;
			buildActionMask = 2147483647;
			files = (
				54C3F40B2152127700ACFC9B /* DouYuTests.swift in Sources */,
			);
			runOnlyForDeploymentPostprocessing = 0;
		};
		54C3F40D2152127700ACFC9B /* Sources */ = {
			isa = PBXSourcesBuildPhase;
			buildActionMask = 2147483647;
			files = (
				54C3F4162152127700ACFC9B /* DouYuUITests.swift in Sources */,
			);
			runOnlyForDeploymentPostprocessing = 0;
		};
/* End PBXSourcesBuildPhase section */

/* Begin PBXTargetDependency section */
		54C3F4082152127700ACFC9B /* PBXTargetDependency */ = {
			isa = PBXTargetDependency;
			target = 54C3F3F12152127500ACFC9B /* DouYu */;
			targetProxy = 54C3F4072152127700ACFC9B /* PBXContainerItemProxy */;
		};
		54C3F4132152127700ACFC9B /* PBXTargetDependency */ = {
			isa = PBXTargetDependency;
			target = 54C3F3F12152127500ACFC9B /* DouYu */;
			targetProxy = 54C3F4122152127700ACFC9B /* PBXContainerItemProxy */;
		};
/* End PBXTargetDependency section */

/* Begin PBXVariantGroup section */
		54C3F3F92152127500ACFC9B /* Main.storyboard */ = {
			isa = PBXVariantGroup;
			children = (
				54C3F3FA2152127500ACFC9B /* Base */,
			);
			name = Main.storyboard;
			sourceTree = "<group>";
		};
		54C3F3FE2152127700ACFC9B /* LaunchScreen.storyboard */ = {
			isa = PBXVariantGroup;
			children = (
				54C3F3FF2152127700ACFC9B /* Base */,
			);
			name = LaunchScreen.storyboard;
			sourceTree = "<group>";
		};
/* End PBXVariantGroup section */

/* Begin XCBuildConfiguration section */
		54C3F4182152127700ACFC9B /* Debug */ = {
			isa = XCBuildConfiguration;
			buildSettings = {
				ALWAYS_SEARCH_USER_PATHS = NO;
				CLANG_ANALYZER_NONNULL = YES;
				CLANG_ANALYZER_NUMBER_OBJECT_CONVERSION = YES_AGGRESSIVE;
				CLANG_CXX_LANGUAGE_STANDARD = "gnu++14";
				CLANG_CXX_LIBRARY = "libc++";
				CLANG_ENABLE_MODULES = YES;
				CLANG_ENABLE_OBJC_ARC = YES;
				CLANG_ENABLE_OBJC_WEAK = YES;
				CLANG_WARN_BLOCK_CAPTURE_AUTORELEASING = YES;
				CLANG_WARN_BOOL_CONVERSION = YES;
				CLANG_WARN_COMMA = YES;
				CLANG_WARN_CONSTANT_CONVERSION = YES;
				CLANG_WARN_DEPRECATED_OBJC_IMPLEMENTATIONS = YES;
				CLANG_WARN_DIRECT_OBJC_ISA_USAGE = YES_ERROR;
				CLANG_WARN_DOCUMENTATION_COMMENTS = YES;
				CLANG_WARN_EMPTY_BODY = YES;
				CLANG_WARN_ENUM_CONVERSION = YES;
				CLANG_WARN_INFINITE_RECURSION = YES;
				CLANG_WARN_INT_CONVERSION = YES;
				CLANG_WARN_NON_LITERAL_NULL_CONVERSION = YES;
				CLANG_WARN_OBJC_IMPLICIT_RETAIN_SELF = YES;
				CLANG_WARN_OBJC_LITERAL_CONVERSION = YES;
				CLANG_WARN_OBJC_ROOT_CLASS = YES_ERROR;
				CLANG_WARN_RANGE_LOOP_ANALYSIS = YES;
				CLANG_WARN_STRICT_PROTOTYPES = YES;
				CLANG_WARN_SUSPICIOUS_MOVE = YES;
				CLANG_WARN_UNGUARDED_AVAILABILITY = YES_AGGRESSIVE;
				CLANG_WARN_UNREACHABLE_CODE = YES;
				CLANG_WARN__DUPLICATE_METHOD_MATCH = YES;
				CODE_SIGN_IDENTITY = "iPhone Developer";
				COPY_PHASE_STRIP = NO;
				DEBUG_INFORMATION_FORMAT = dwarf;
				ENABLE_STRICT_OBJC_MSGSEND = YES;
				ENABLE_TESTABILITY = YES;
				GCC_C_LANGUAGE_STANDARD = gnu11;
				GCC_DYNAMIC_NO_PIC = NO;
				GCC_NO_COMMON_BLOCKS = YES;
				GCC_OPTIMIZATION_LEVEL = 0;
				GCC_PREPROCESSOR_DEFINITIONS = (
					"DEBUG=1",
					"$(inherited)",
				);
				GCC_WARN_64_TO_32_BIT_CONVERSION = YES;
				GCC_WARN_ABOUT_RETURN_TYPE = YES_ERROR;
				GCC_WARN_UNDECLARED_SELECTOR = YES;
				GCC_WARN_UNINITIALIZED_AUTOS = YES_AGGRESSIVE;
				GCC_WARN_UNUSED_FUNCTION = YES;
				GCC_WARN_UNUSED_VARIABLE = YES;
				IPHONEOS_DEPLOYMENT_TARGET = 12.0;
				MTL_ENABLE_DEBUG_INFO = INCLUDE_SOURCE;
				MTL_FAST_MATH = YES;
				ONLY_ACTIVE_ARCH = YES;
				SDKROOT = iphoneos;
				SWIFT_ACTIVE_COMPILATION_CONDITIONS = DEBUG;
				SWIFT_OPTIMIZATION_LEVEL = "-Onone";
			};
			name = Debug;
		};
		54C3F4192152127700ACFC9B /* Release */ = {
			isa = XCBuildConfiguration;
			buildSettings = {
				ALWAYS_SEARCH_USER_PATHS = NO;
				CLANG_ANALYZER_NONNULL = YES;
				CLANG_ANALYZER_NUMBER_OBJECT_CONVERSION = YES_AGGRESSIVE;
				CLANG_CXX_LANGUAGE_STANDARD = "gnu++14";
				CLANG_CXX_LIBRARY = "libc++";
				CLANG_ENABLE_MODULES = YES;
				CLANG_ENABLE_OBJC_ARC = YES;
				CLANG_ENABLE_OBJC_WEAK = YES;
				CLANG_WARN_BLOCK_CAPTURE_AUTORELEASING = YES;
				CLANG_WARN_BOOL_CONVERSION = YES;
				CLANG_WARN_COMMA = YES;
				CLANG_WARN_CONSTANT_CONVERSION = YES;
				CLANG_WARN_DEPRECATED_OBJC_IMPLEMENTATIONS = YES;
				CLANG_WARN_DIRECT_OBJC_ISA_USAGE = YES_ERROR;
				CLANG_WARN_DOCUMENTATION_COMMENTS = YES;
				CLANG_WARN_EMPTY_BODY = YES;
				CLANG_WARN_ENUM_CONVERSION = YES;
				CLANG_WARN_INFINITE_RECURSION = YES;
				CLANG_WARN_INT_CONVERSION = YES;
				CLANG_WARN_NON_LITERAL_NULL_CONVERSION = YES;
				CLANG_WARN_OBJC_IMPLICIT_RETAIN_SELF = YES;
				CLANG_WARN_OBJC_LITERAL_CONVERSION = YES;
				CLANG_WARN_OBJC_ROOT_CLASS = YES_ERROR;
				CLANG_WARN_RANGE_LOOP_ANALYSIS = YES;
				CLANG_WARN_STRICT_PROTOTYPES = YES;
				CLANG_WARN_SUSPICIOUS_MOVE = YES;
				CLANG_WARN_UNGUARDED_AVAILABILITY = YES_AGGRESSIVE;
				CLANG_WARN_UNREACHABLE_CODE = YES;
				CLANG_WARN__DUPLICATE_METHOD_MATCH = YES;
				CODE_SIGN_IDENTITY = "iPhone Developer";
				COPY_PHASE_STRIP = NO;
				DEBUG_INFORMATION_FORMAT = "dwarf-with-dsym";
				ENABLE_NS_ASSERTIONS = NO;
				ENABLE_STRICT_OBJC_MSGSEND = YES;
				GCC_C_LANGUAGE_STANDARD = gnu11;
				GCC_NO_COMMON_BLOCKS = YES;
				GCC_WARN_64_TO_32_BIT_CONVERSION = YES;
				GCC_WARN_ABOUT_RETURN_TYPE = YES_ERROR;
				GCC_WARN_UNDECLARED_SELECTOR = YES;
				GCC_WARN_UNINITIALIZED_AUTOS = YES_AGGRESSIVE;
				GCC_WARN_UNUSED_FUNCTION = YES;
				GCC_WARN_UNUSED_VARIABLE = YES;
				IPHONEOS_DEPLOYMENT_TARGET = 12.0;
				MTL_ENABLE_DEBUG_INFO = NO;
				MTL_FAST_MATH = YES;
				SDKROOT = iphoneos;
				SWIFT_COMPILATION_MODE = wholemodule;
				SWIFT_OPTIMIZATION_LEVEL = "-O";
				VALIDATE_PRODUCT = YES;
			};
			name = Release;
		};
		54C3F41B2152127700ACFC9B /* Debug */ = {
			isa = XCBuildConfiguration;
			buildSettings = {
				ASSETCATALOG_COMPILER_APPICON_NAME = AppIcon;
				ASSETCATALOG_COMPILER_LAUNCHIMAGE_NAME = LaunchImage;
				CODE_SIGN_STYLE = Automatic;
				INFOPLIST_FILE = DouYu/Info.plist;
				IPHONEOS_DEPLOYMENT_TARGET = 9.0;
				LD_RUNPATH_SEARCH_PATHS = (
					"$(inherited)",
					"@executable_path/Frameworks",
				);
				PRODUCT_BUNDLE_IDENTIFIER = com.mytyan.DouYu;
				PRODUCT_NAME = "$(TARGET_NAME)";
				SWIFT_VERSION = 4.2;
				TARGETED_DEVICE_FAMILY = "1,2";
			};
			name = Debug;
		};
		54C3F41C2152127700ACFC9B /* Release */ = {
			isa = XCBuildConfiguration;
			buildSettings = {
				ASSETCATALOG_COMPILER_APPICON_NAME = AppIcon;
				ASSETCATALOG_COMPILER_LAUNCHIMAGE_NAME = LaunchImage;
				CODE_SIGN_STYLE = Automatic;
				INFOPLIST_FILE = DouYu/Info.plist;
				IPHONEOS_DEPLOYMENT_TARGET = 9.0;
				LD_RUNPATH_SEARCH_PATHS = (
					"$(inherited)",
					"@executable_path/Frameworks",
				);
				PRODUCT_BUNDLE_IDENTIFIER = com.mytyan.DouYu;
				PRODUCT_NAME = "$(TARGET_NAME)";
				SWIFT_VERSION = 4.2;
				TARGETED_DEVICE_FAMILY = "1,2";
			};
			name = Release;
		};
		54C3F41E2152127700ACFC9B /* Debug */ = {
			isa = XCBuildConfiguration;
			buildSettings = {
				ALWAYS_EMBED_SWIFT_STANDARD_LIBRARIES = YES;
				BUNDLE_LOADER = "$(TEST_HOST)";
				CODE_SIGN_STYLE = Automatic;
				INFOPLIST_FILE = DouYuTests/Info.plist;
				LD_RUNPATH_SEARCH_PATHS = (
					"$(inherited)",
					"@executable_path/Frameworks",
					"@loader_path/Frameworks",
				);
				PRODUCT_BUNDLE_IDENTIFIER = com.mytyan.DouYuTests;
				PRODUCT_NAME = "$(TARGET_NAME)";
				SWIFT_VERSION = 4.2;
				TARGETED_DEVICE_FAMILY = "1,2";
				TEST_HOST = "$(BUILT_PRODUCTS_DIR)/DouYu.app/DouYu";
			};
			name = Debug;
		};
		54C3F41F2152127700ACFC9B /* Release */ = {
			isa = XCBuildConfiguration;
			buildSettings = {
				ALWAYS_EMBED_SWIFT_STANDARD_LIBRARIES = YES;
				BUNDLE_LOADER = "$(TEST_HOST)";
				CODE_SIGN_STYLE = Automatic;
				INFOPLIST_FILE = DouYuTests/Info.plist;
				LD_RUNPATH_SEARCH_PATHS = (
					"$(inherited)",
					"@executable_path/Frameworks",
					"@loader_path/Frameworks",
				);
				PRODUCT_BUNDLE_IDENTIFIER = com.mytyan.DouYuTests;
				PRODUCT_NAME = "$(TARGET_NAME)";
				SWIFT_VERSION = 4.2;
				TARGETED_DEVICE_FAMILY = "1,2";
				TEST_HOST = "$(BUILT_PRODUCTS_DIR)/DouYu.app/DouYu";
			};
			name = Release;
		};
		54C3F4212152127700ACFC9B /* Debug */ = {
			isa = XCBuildConfiguration;
			buildSettings = {
				ALWAYS_EMBED_SWIFT_STANDARD_LIBRARIES = YES;
				CODE_SIGN_STYLE = Automatic;
				INFOPLIST_FILE = DouYuUITests/Info.plist;
				LD_RUNPATH_SEARCH_PATHS = (
					"$(inherited)",
					"@executable_path/Frameworks",
					"@loader_path/Frameworks",
				);
				PRODUCT_BUNDLE_IDENTIFIER = com.mytyan.DouYuUITests;
				PRODUCT_NAME = "$(TARGET_NAME)";
				SWIFT_VERSION = 4.2;
				TARGETED_DEVICE_FAMILY = "1,2";
				TEST_TARGET_NAME = DouYu;
			};
			name = Debug;
		};
		54C3F4222152127700ACFC9B /* Release */ = {
			isa = XCBuildConfiguration;
			buildSettings = {
				ALWAYS_EMBED_SWIFT_STANDARD_LIBRARIES = YES;
				CODE_SIGN_STYLE = Automatic;
				INFOPLIST_FILE = DouYuUITests/Info.plist;
				LD_RUNPATH_SEARCH_PATHS = (
					"$(inherited)",
					"@executable_path/Frameworks",
					"@loader_path/Frameworks",
				);
				PRODUCT_BUNDLE_IDENTIFIER = com.mytyan.DouYuUITests;
				PRODUCT_NAME = "$(TARGET_NAME)";
				SWIFT_VERSION = 4.2;
				TARGETED_DEVICE_FAMILY = "1,2";
				TEST_TARGET_NAME = DouYu;
			};
			name = Release;
		};
/* End XCBuildConfiguration section */

/* Begin XCConfigurationList section */
		54C3F3ED2152127500ACFC9B /* Build configuration list for PBXProject "DouYu" */ = {
			isa = XCConfigurationList;
			buildConfigurations = (
				54C3F4182152127700ACFC9B /* Debug */,
				54C3F4192152127700ACFC9B /* Release */,
			);
			defaultConfigurationIsVisible = 0;
			defaultConfigurationName = Release;
		};
		54C3F41A2152127700ACFC9B /* Build configuration list for PBXNativeTarget "DouYu" */ = {
			isa = XCConfigurationList;
			buildConfigurations = (
				54C3F41B2152127700ACFC9B /* Debug */,
				54C3F41C2152127700ACFC9B /* Release */,
			);
			defaultConfigurationIsVisible = 0;
			defaultConfigurationName = Release;
		};
		54C3F41D2152127700ACFC9B /* Build configuration list for PBXNativeTarget "DouYuTests" */ = {
			isa = XCConfigurationList;
			buildConfigurations = (
				54C3F41E2152127700ACFC9B /* Debug */,
				54C3F41F2152127700ACFC9B /* Release */,
			);
			defaultConfigurationIsVisible = 0;
			defaultConfigurationName = Release;
		};
		54C3F4202152127700ACFC9B /* Build configuration list for PBXNativeTarget "DouYuUITests" */ = {
			isa = XCConfigurationList;
			buildConfigurations = (
				54C3F4212152127700ACFC9B /* Debug */,
				54C3F4222152127700ACFC9B /* Release */,
			);
			defaultConfigurationIsVisible = 0;
			defaultConfigurationName = Release;
		};
/* End XCConfigurationList section */
	};
	rootObject = 54C3F3EA2152127500ACFC9B /* Project object */;
}
